{
  "nodes": {
    "ags": {
      "inputs": {
        "astal": "astal",
        "nixpkgs": "nixpkgs"
      },
      "locked": {
        "lastModified": 1764289441,
        "narHash": "sha256-ak+lgFiYE5PHByN1/BRkO5JP498hno6Ix24C1Qf/vec=",
        "owner": "Aylur",
        "repo": "ags",
        "rev": "e169694390548dfd38ff40f1ef2163d6c3ffe3ea",
        "type": "github"
      },
      "original": {
        "owner": "Aylur",
        "repo": "ags",
        "type": "github"
      }
    },
    "astal": {
      "inputs": {
        "nixpkgs": [
          "ags",
          "nixpkgs"
        ]
      },
      "locked": {
        "lastModified": 1764173295,
        "narHash": "sha256-Jh4VtPcK2Ov+RTcV9FtyQRsxiJmXFQGfqX6jjM7/mgc=",
        "owner": "aylur",
        "repo": "astal",
        "rev": "7d1fac8a4b2a14954843a978d2ddde86168c75ef",
        "type": "github"
      },
      "original": {
        "owner": "aylur",
        "repo": "astal",
        "type": "github"
      }
    },
    "cosmic-manager": {
      "inputs": {
        "flake-parts": "flake-parts",
        "home-manager": [
          "home-manager"
        ],
        "nixpkgs": [
          "nixpkgs"
        ]
      },
      "locked": {
        "lastModified": 1765831383,
        "narHash": "sha256-P5F/VPjjGw7s0AOTPb3z3gxqtH0YkAnd/c9P6QdWrEU=",
        "owner": "HeitorAugustoLN",
        "repo": "cosmic-manager",
        "rev": "819d4d21fb90460dd11416d81d2cff65a53b8a59",
        "type": "github"
      },
      "original": {
        "owner": "HeitorAugustoLN",
        "repo": "cosmic-manager",
        "type": "github"
      }
    },
    "flake-parts": {
      "inputs": {
        "nixpkgs-lib": [
          "cosmic-manager",
          "nixpkgs"
        ]
      },
      "locked": {
        "lastModified": 1759362264,
        "narHash": "sha256-wfG0S7pltlYyZTM+qqlhJ7GMw2fTF4mLKCIVhLii/4M=",
        "owner": "hercules-ci",
        "repo": "flake-parts",
        "rev": "758cf7296bee11f1706a574c77d072b8a7baa881",
        "type": "github"
      },
      "original": {
        "owner": "hercules-ci",
        "repo": "flake-parts",
        "type": "github"
      }
    },
    "home-manager": {
      "inputs": {
        "nixpkgs": [
          "nixpkgs"
        ]
      },
      "locked": {
        "lastModified": 1771018093,
        "narHash": "sha256-STUF5x1eQNKrhGn53WH1GpzBCsG719yl5rYnm7+1c4I=",
        "owner": "nix-community",
        "repo": "home-manager",
        "rev": "26dfad95d92c50a56ce708f4256bf720bb30a630",
        "type": "github"
      },
      "original": {
        "owner": "nix-community",
        "repo": "home-manager",
        "type": "github"
      }
    },
    "jovian": {
      "inputs": {
        "nix-github-actions": "nix-github-actions",
        "nixpkgs": [
          "nixpkgs"
        ]
      },
      "locked": {
        "lastModified": 1770915266,
        "narHash": "sha256-2oD6ud7iathz3rb0TcZyMqAsG+u2KRpkcAY3CCBt5rs=",
        "owner": "Jovian-Experiments",
        "repo": "Jovian-NixOS",
        "rev": "deee66bd287521aa4008f0bb616060f37c058980",
        "type": "github"
      },
      "original": {
        "owner": "Jovian-Experiments",
        "repo": "Jovian-NixOS",
        "type": "github"
      }
    },
    "mnw": {
      "locked": {
        "lastModified": 1770419553,
        "narHash": "sha256-b1XqsH7AtVf2dXmq2iyRr2NC1yG7skY7Z6N2MpWHlK4=",
        "owner": "Gerg-L",
        "repo": "mnw",
        "rev": "2aaffa8030d0b262176146adbb6b0e6374ce2957",
        "type": "github"
      },
      "original": {
        "owner": "Gerg-L",
        "repo": "mnw",
        "type": "github"
      }
    },
    "moonlight": {
      "inputs": {
        "nixpkgs": [
          "nixpkgs"
        ]
      },
      "locked": {
        "lastModified": 1770835386,
        "narHash": "sha256-Yp0ooU66hXjGq0cAG9WwhmLCfqCVzRxGXx7+nggPlqI=",
        "owner": "moonlight-mod",
        "repo": "moonlight",
        "rev": "6e0829e81d363e4ebb7c3f04601a50853f752c99",
        "type": "github"
      },
      "original": {
        "owner": "moonlight-mod",
        "repo": "moonlight",
        "type": "github"
      }
    },
    "nix-flatpak": {
      "locked": {
        "lastModified": 1768656715,
        "narHash": "sha256-Sbh037scxKFm7xL0ahgSCw+X2/5ZKeOwI2clqrYr9j4=",
        "owner": "gmodena",
        "repo": "nix-flatpak",
        "rev": "123fe29340a5b8671367055b75a6e7c320d6f89a",
        "type": "github"
      },
      "original": {
        "owner": "gmodena",
        "repo": "nix-flatpak",
        "type": "github"
      }
    },
    "nix-github-actions": {
      "inputs": {
        "nixpkgs": [
          "jovian",
          "nixpkgs"
        ]
      },
      "locked": {
        "lastModified": 1729697500,
        "narHash": "sha256-VFTWrbzDlZyFHHb1AlKRiD/qqCJIripXKiCSFS8fAOY=",
        "owner": "zhaofengli",
        "repo": "nix-github-actions",
        "rev": "e418aeb728b6aa5ca8c5c71974e7159c2df1d8cf",
        "type": "github"
      },
      "original": {
        "owner": "zhaofengli",
        "ref": "matrix-name",
        "repo": "nix-github-actions",
        "type": "github"
      }
    },
    "nixos-hardware": {
      "locked": {
        "lastModified": 1770882871,
        "narHash": "sha256-nw5g+xl3veea+maxJ2/81tMEA/rPq9aF1H5XF35X+OE=",
        "owner": "NixOS",
        "repo": "nixos-hardware",
        "rev": "af04cb78aa85b2a4d1c15fc7270347e0d0eda97b",
        "type": "github"
      },
      "original": {
        "owner": "NixOS",
        "ref": "master",
        "repo": "nixos-hardware",
        "type": "github"
      }
    },
    "nixpkgs": {
      "locked": {
        "lastModified": 1763966396,
        "narHash": "sha256-6eeL1YPcY1MV3DDStIDIdy/zZCDKgHdkCmsrLJFiZf0=",
        "owner": "nixos",
        "repo": "nixpkgs",
        "rev": "5ae3b07d8d6527c42f17c876e404993199144b6a",
        "type": "github"
      },
      "original": {
        "owner": "nixos",
        "ref": "nixos-unstable",
        "repo": "nixpkgs",
        "type": "github"
      }
    },
    "nixpkgs-stable": {
      "locked": {
        "lastModified": 1767313136,
        "narHash": "sha256-16KkgfdYqjaeRGBaYsNrhPRRENs0qzkQVUooNHtoy2w=",
        "owner": "nixos",
        "repo": "nixpkgs",
        "rev": "ac62194c3917d5f474c1a844b6fd6da2db95077d",
        "type": "github"
      },
      "original": {
        "owner": "nixos",
        "ref": "nixos-25.05",
        "repo": "nixpkgs",
        "type": "github"
      }
    },
    "nixpkgs_2": {
      "locked": {
        "lastModified": 1770841267,
        "narHash": "sha256-9xejG0KoqsoKEGp2kVbXRlEYtFFcDTHjidiuX8hGO44=",
        "owner": "nixos",
        "repo": "nixpkgs",
        "rev": "ec7c70d12ce2fc37cb92aff673dcdca89d187bae",
        "type": "github"
      },
      "original": {
        "owner": "nixos",
        "ref": "nixos-unstable",
        "repo": "nixpkgs",
        "type": "github"
      }
    },
    "nixpkgs_3": {
      "locked": {
        "lastModified": 1770380644,
        "narHash": "sha256-P7dWMHRUWG5m4G+06jDyThXO7kwSk46C1kgjEWcybkE=",
        "owner": "NixOS",
        "repo": "nixpkgs",
        "rev": "ae67888ff7ef9dff69b3cf0cc0fbfbcd3a722abe",
        "type": "github"
      },
      "original": {
        "owner": "NixOS",
        "ref": "nixpkgs-unstable",
        "repo": "nixpkgs",
        "type": "github"
      }
    },
    "root": {
      "inputs": {
        "ags": "ags",
        "cosmic-manager": "cosmic-manager",
        "home-manager": "home-manager",
        "jovian": "jovian",
        "mnw": "mnw",
        "moonlight": "moonlight",
        "nix-flatpak": "nix-flatpak",
        "nixos-hardware": "nixos-hardware",
        "nixpkgs": "nixpkgs_2",
        "nixpkgs-stable": "nixpkgs-stable",
        "sops-nix": "sops-nix",
        "spicetify-nix": "spicetify-nix"
      }
    },
    "sops-nix": {
      "inputs": {
        "nixpkgs": "nixpkgs_3"
      },
      "locked": {
        "lastModified": 1770683991,
        "narHash": "sha256-xVfPvXDf9QN3Eh9dV+Lw6IkWG42KSuQ1u2260HKvpnc=",
        "owner": "Mic92",
        "repo": "sops-nix",
        "rev": "8b89f44c2cc4581e402111d928869fe7ba9f7033",
        "type": "github"
      },
      "original": {
        "owner": "Mic92",
        "repo": "sops-nix",
        "type": "github"
      }
    },
    "spicetify-nix": {
      "inputs": {
        "nixpkgs": [
          "nixpkgs"
        ],
        "systems": "systems"
      },
      "locked": {
        "lastModified": 1770846656,
        "narHash": "sha256-wdYpo8++TqKp3GdRgLFykjuIVW1m9GlUnxID2FG74cE=",
        "owner": "Gerg-L",
        "repo": "spicetify-nix",
        "rev": "40e65cfc4608402674e1efaac3fccce20d2a72d3",
        "type": "github"
      },
      "original": {
        "owner": "Gerg-L",
        "repo": "spicetify-nix",
        "type": "github"
      }
    },
    "systems": {
      "locked": {
        "lastModified": 1681028828,
        "narHash": "sha256-Vy1rq5AaRuLzOxct8nz4T6wlgyUR7zLU309k9mBC768=",
        "owner": "nix-systems",
        "repo": "default",
        "rev": "da67096a3b9bf56a91d16901293e51ba5b49a27e",
        "type": "github"
      },
      "original": {
        "owner": "nix-systems",
        "repo": "default",
        "type": "github"
      }
    }
  },
  "root": "root",
  "version": 7
}
